
Microsoft Visual Studio Solution File, Format Version 12.00
# Visual Studio 14
VisualStudioVersion = 14.0.23107.0
MinimumVisualStudioVersion = 10.0.40219.1
Project("{FAE04EC0-301F-11D3-BF4B-00C04F79EFBC}") = "ConsoleSshSftp", "ConsoleSshSftp\ConsoleSshSftp.csproj", "{7BF2FF3E-3070-42C6-935F-741A1D8366CE}"
EndProject
Project("{FAE04EC0-301F-11D3-BF4B-00C04F79EFBC}") = "SshDotNet", "SshDotNet\SshDotNet.csproj", "{B850F3EE-E853-4719-9F74-0B9EC765613E}"
EndProject
Global
	GlobalSection(SolutionConfigurationPlatforms) = preSolution
		Debug|Any CPU = Debug|Any CPU
		Release|Any CPU = Release|Any CPU
	EndGlobalSection
	GlobalSection(ProjectConfigurationPlatforms) = postSolution
		{7BF2FF3E-3070-42C6-935F-741A1D8366CE}.Debug|Any CPU.ActiveCfg = Debug|Any CPU
		{7BF2FF3E-3070-42C6-935F-741A1D8366CE}.Debug|Any CPU.Build.0 = Debug|Any CPU
		{7BF2FF3E-3070-42C6-935F-741A1D8366CE}.Release|Any CPU.ActiveCfg = Release|Any CPU
		{7BF2FF3E-3070-42C6-935F-741A1D8366CE}.Release|Any CPU.Build.0 = Release|Any CPU
		{B850F3EE-E853-4719-9F74-0B9EC765613E}.Debug|Any CPU.ActiveCfg = Debug|Any CPU
		{B850F3EE-E853-4719-9F74-0B9EC765613E}.Debug|Any CPU.Build.0 = Debug|Any CPU
		{B850F3EE-E853-4719-9F74-0B9EC765613E}.Release|Any CPU.ActiveCfg = Release|Any CPU
		{B850F3EE-E853-4719-9F74-0B9EC765613E}.Release|Any CPU.Build.0 = Release|Any CPU
	EndGlobalSection
	GlobalSection(SolutionProperties) = preSolution
		HideSolutionNode = FALSE
	EndGlobalSection
EndGlobal
